
Microsoft Visual Studio Solution File, Format Version 12.00
# Visual Studio Version 17
VisualStudioVersion = 17.8.34525.116
MinimumVisualStudioVersion = 10.0.40219.1
Project("{9A19103F-16F7-4668-BE54-9A1E7A4F7556}") = "Server", "Server\Server.csproj", "{A1E8C694-E440-4743-98AD-F8A6150F8624}"
EndProject
Project("{9A19103F-16F7-4668-BE54-9A1E7A4F7556}") = "Shared", "Shared\Shared.csproj", "{1572027A-5509-492D-8D5F-71C08F6EF562}"
EndProject
Global
	GlobalSection(SolutionConfigurationPlatforms) = preSolution
		Debug|Any CPU = Debug|Any CPU
		Release|Any CPU = Release|Any CPU
	EndGlobalSection
	GlobalSection(ProjectConfigurationPlatforms) = postSolution
		{A1E8C694-E440-4743-98AD-F8A6150F8624}.Debug|Any CPU.ActiveCfg = Debug|Any CPU
		{A1E8C694-E440-4743-98AD-F8A6150F8624}.Debug|Any CPU.Build.0 = Debug|Any CPU
		{A1E8C694-E440-4743-98AD-F8A6150F8624}.Release|Any CPU.ActiveCfg = Release|Any CPU
		{A1E8C694-E440-4743-98AD-F8A6150F8624}.Release|Any CPU.Build.0 = Release|Any CPU
		{1572027A-5509-492D-8D5F-71C08F6EF562}.Debug|Any CPU.ActiveCfg = Debug|Any CPU
		{1572027A-5509-492D-8D5F-71C08F6EF562}.Debug|Any CPU.Build.0 = Debug|Any CPU
		{1572027A-5509-492D-8D5F-71C08F6EF562}.Release|Any CPU.ActiveCfg = Release|Any CPU
		{1572027A-5509-492D-8D5F-71C08F6EF562}.Release|Any CPU.Build.0 = Release|Any CPU
	EndGlobalSection
	GlobalSection(SolutionProperties) = preSolution
		HideSolutionNode = FALSE
	EndGlobalSection
	GlobalSection(ExtensibilityGlobals) = postSolution
		SolutionGuid = {3505B5E2-27B7-4510-8AE3-B524E6D54C6B}
	EndGlobalSection
EndGlobal
