
Microsoft Visual Studio Solution File, Format Version 12.00
# Visual Studio Version 17
VisualStudioVersion = 17.8.34525.116
MinimumVisualStudioVersion = 10.0.40219.1
Project("{9A19103F-16F7-4668-BE54-9A1E7A4F7556}") = "Client", "Client\Client.csproj", "{BFE1F958-F46C-461A-A66D-02C1A19C479B}"
EndProject
Project("{9A19103F-16F7-4668-BE54-9A1E7A4F7556}") = "Server", "Server\Server.csproj", "{A1E8C694-E440-4743-98AD-F8A6150F8624}"
EndProject
Project("{2150E333-8FDC-42A3-9474-1A3956D46DE8}") = "Elementos de la solución", "Elementos de la solución", "{3C2EF8FC-F25C-4DDB-B556-B75DF64808C5}"
	ProjectSection(SolutionItems) = preProject
		README.md = README.md
	EndProjectSection
EndProject
Project("{9A19103F-16F7-4668-BE54-9A1E7A4F7556}") = "ClassLibrary", "ClassLibrary\ClassLibrary.csproj", "{078E3045-DCC4-454F-BB52-1CA2D2AFB23F}"
EndProject
Global
	GlobalSection(SolutionConfigurationPlatforms) = preSolution
		Debug|Any CPU = Debug|Any CPU
		Release|Any CPU = Release|Any CPU
	EndGlobalSection
	GlobalSection(ProjectConfigurationPlatforms) = postSolution
		{BFE1F958-F46C-461A-A66D-02C1A19C479B}.Debug|Any CPU.ActiveCfg = Debug|Any CPU
		{BFE1F958-F46C-461A-A66D-02C1A19C479B}.Debug|Any CPU.Build.0 = Debug|Any CPU
		{BFE1F958-F46C-461A-A66D-02C1A19C479B}.Release|Any CPU.ActiveCfg = Release|Any CPU
		{BFE1F958-F46C-461A-A66D-02C1A19C479B}.Release|Any CPU.Build.0 = Release|Any CPU
		{A1E8C694-E440-4743-98AD-F8A6150F8624}.Debug|Any CPU.ActiveCfg = Debug|Any CPU
		{A1E8C694-E440-4743-98AD-F8A6150F8624}.Debug|Any CPU.Build.0 = Debug|Any CPU
		{A1E8C694-E440-4743-98AD-F8A6150F8624}.Release|Any CPU.ActiveCfg = Release|Any CPU
		{A1E8C694-E440-4743-98AD-F8A6150F8624}.Release|Any CPU.Build.0 = Release|Any CPU
		{078E3045-DCC4-454F-BB52-1CA2D2AFB23F}.Debug|Any CPU.ActiveCfg = Debug|Any CPU
		{078E3045-DCC4-454F-BB52-1CA2D2AFB23F}.Debug|Any CPU.Build.0 = Debug|Any CPU
		{078E3045-DCC4-454F-BB52-1CA2D2AFB23F}.Release|Any CPU.ActiveCfg = Release|Any CPU
		{078E3045-DCC4-454F-BB52-1CA2D2AFB23F}.Release|Any CPU.Build.0 = Release|Any CPU
	EndGlobalSection
	GlobalSection(SolutionProperties) = preSolution
		HideSolutionNode = FALSE
	EndGlobalSection
	GlobalSection(ExtensibilityGlobals) = postSolution
		SolutionGuid = {3505B5E2-27B7-4510-8AE3-B524E6D54C6B}
	EndGlobalSection
EndGlobal
